Microsoft Visual Studio Solution File, Format Version 12.00
# Visual Studio Version 17
VisualStudioVersion = 17.5.2.0
MinimumVisualStudioVersion = 10.0.40219.1
Project("{2150E333-8FDC-42A3-9474-1A3956D46DE8}") = "packages", "packages", "{809F86A1-1C4C-B159-0CD4-DF9D33D876CE}"
EndProject
Project("{2150E333-8FDC-42A3-9474-1A3956D46DE8}") = "sdks", "sdks", "{25DAE060-FEAD-AFF8-F6E3-D1759CEB8A30}"
EndProject
Project("{FAE04EC0-301F-11D3-BF4B-00C04F79EFBC}") = "Gatrix.ServerSDK", "packages\sdks\dotnet-sdk\Gatrix.ServerSDK.csproj", "{FC28467B-1B7C-B50F-456D-32D588D82924}"
EndProject
Global
	GlobalSection(SolutionConfigurationPlatforms) = preSolution
		Debug|Any CPU = Debug|Any CPU
		Release|Any CPU = Release|Any CPU
	EndGlobalSection
	GlobalSection(ProjectConfigurationPlatforms) = postSolution
		{FC28467B-1B7C-B50F-456D-32D588D82924}.Debug|Any CPU.ActiveCfg = Debug|Any CPU
		{FC28467B-1B7C-B50F-456D-32D588D82924}.Debug|Any CPU.Build.0 = Debug|Any CPU
		{FC28467B-1B7C-B50F-456D-32D588D82924}.Release|Any CPU.ActiveCfg = Release|Any CPU
		{FC28467B-1B7C-B50F-456D-32D588D82924}.Release|Any CPU.Build.0 = Release|Any CPU
	EndGlobalSection
	GlobalSection(SolutionProperties) = preSolution
		HideSolutionNode = FALSE
	EndGlobalSection
	GlobalSection(NestedProjects) = preSolution
		{25DAE060-FEAD-AFF8-F6E3-D1759CEB8A30} = {809F86A1-1C4C-B159-0CD4-DF9D33D876CE}
		{FC28467B-1B7C-B50F-456D-32D588D82924} = {25DAE060-FEAD-AFF8-F6E3-D1759CEB8A30}
	EndGlobalSection
	GlobalSection(ExtensibilityGlobals) = postSolution
		SolutionGuid = {BEBB1B19-3E03-4ECE-9851-14C1DB65A5FF}
	EndGlobalSection
EndGlobal
